# THIS IS AN AUTOGENERATED FILE. DO NOT EDIT THIS FILE DIRECTLY.
# yarn lockfile v1


"@babel/code-frame@7.0.0-beta.54":
  version "7.0.0-beta.54"
  resolved "https://registry.yarnpkg.com/@babel/code-frame/-/code-frame-7.0.0-beta.54.tgz#0024f96fdf7028a21d68e273afd4e953214a1ead"
  dependencies:
    "@babel/highlight" "7.0.0-beta.54"

"@babel/core@^7.0.0-beta.54":
  version "7.0.0-beta.54"
  resolved "https://registry.yarnpkg.com/@babel/core/-/core-7.0.0-beta.54.tgz#253c54d0095403a5cfa764e7d9b458194692d02b"
  dependencies:
    "@babel/code-frame" "7.0.0-beta.54"
    "@babel/generator" "7.0.0-beta.54"
    "@babel/helpers" "7.0.0-beta.54"
    "@babel/parser" "7.0.0-beta.54"
    "@babel/template" "7.0.0-beta.54"
    "@babel/traverse" "7.0.0-beta.54"
    "@babel/types" "7.0.0-beta.54"
    convert-source-map "^1.1.0"
    debug "^3.1.0"
    json5 "^0.5.0"
    lodash "^4.17.5"
    resolve "^1.3.2"
    semver "^5.4.1"
    source-map "^0.5.0"

"@babel/generator@7.0.0-beta.54":
  version "7.0.0-beta.54"
  resolved "https://registry.yarnpkg.com/@babel/generator/-/generator-7.0.0-beta.54.tgz#c043c7eebeebfd7e665d95c281a4aafc83d4e1c9"
  dependencies:
    "@babel/types" "7.0.0-beta.54"
    jsesc "^2.5.1"
    lodash "^4.17.5"
    source-map "^0.5.0"
    trim-right "^1.0.1"

"@babel/helper-function-name@7.0.0-beta.54":
  version "7.0.0-beta.54"
  resolved "https://registry.yarnpkg.com/@babel/helper-function-name/-/helper-function-name-7.0.0-beta.54.tgz#307875507a1eda2482a09a9a4df6a25632ffb34b"
  dependencies:
    "@babel/helper-get-function-arity" "7.0.0-beta.54"
    "@babel/template" "7.0.0-beta.54"
    "@babel/types" "7.0.0-beta.54"

"@babel/helper-get-function-arity@7.0.0-beta.54":
  version "7.0.0-beta.54"
  resolved "https://registry.yarnpkg.com/@babel/helper-get-function-arity/-/helper-get-function-arity-7.0.0-beta.54.tgz#757bd189b077074a004028cfde5f083c306cc6c4"
  dependencies:
    "@babel/types" "7.0.0-beta.54"

"@babel/helper-member-expression-to-functions@7.0.0-beta.54":
  version "7.0.0-beta.54"
  resolved "https://registry.yarnpkg.com/@babel/helper-member-expression-to-functions/-/helper-member-expression-to-functions-7.0.0-beta.54.tgz#bce9ddc484317b13d2615bafe2b524d0d56d99df"
  dependencies:
    "@babel/types" "7.0.0-beta.54"

"@babel/helper-optimise-call-expression@7.0.0-beta.54":
  version "7.0.0-beta.54"
  resolved "https://registry.yarnpkg.com/@babel/helper-optimise-call-expression/-/helper-optimise-call-expression-7.0.0-beta.54.tgz#4af8dd4ff90dbd29b3bcf85fff43952e2ae1016e"
  dependencies:
    "@babel/types" "7.0.0-beta.54"

"@babel/helper-plugin-utils@7.0.0-beta.54":
  version "7.0.0-beta.54"
  resolved "https://registry.yarnpkg.com/@babel/helper-plugin-utils/-/helper-plugin-utils-7.0.0-beta.54.tgz#61d2a9a0f9a3e31838a458debb9eebd7bdd249b4"

"@babel/helper-replace-supers@7.0.0-beta.54":
  version "7.0.0-beta.54"
  resolved "https://registry.yarnpkg.com/@babel/helper-replace-supers/-/helper-replace-supers-7.0.0-beta.54.tgz#901f5a1493a410799fd3ab3e0c0d29d18071c89f"
  dependencies:
    "@babel/helper-member-expression-to-functions" "7.0.0-beta.54"
    "@babel/helper-optimise-call-expression" "7.0.0-beta.54"
    "@babel/traverse" "7.0.0-beta.54"
    "@babel/types" "7.0.0-beta.54"

"@babel/helper-split-export-declaration@7.0.0-beta.54":
  version "7.0.0-beta.54"
  resolved "https://registry.yarnpkg.com/@babel/helper-split-export-declaration/-/helper-split-export-declaration-7.0.0-beta.54.tgz#89cd8833c95481a0827ac6a1bfccddb92b75a109"
  dependencies:
    "@babel/types" "7.0.0-beta.54"

"@babel/helpers@7.0.0-beta.54":
  version "7.0.0-beta.54"
  resolved "https://registry.yarnpkg.com/@babel/helpers/-/helpers-7.0.0-beta.54.tgz#b86a99a80efd81668caef307610b961197446a74"
  dependencies:
    "@babel/template" "7.0.0-beta.54"
    "@babel/traverse" "7.0.0-beta.54"
    "@babel/types" "7.0.0-beta.54"

"@babel/highlight@7.0.0-beta.54":
  version "7.0.0-beta.54"
  resolved "https://registry.yarnpkg.com/@babel/highlight/-/highlight-7.0.0-beta.54.tgz#155d507358329b8e7068970017c3fd74a9b08584"
  dependencies:
    chalk "^2.0.0"
    esutils "^2.0.2"
    js-tokens "^3.0.0"

"@babel/parser@7.0.0-beta.54":
  version "7.0.0-beta.54"
  resolved "https://registry.yarnpkg.com/@babel/parser/-/parser-7.0.0-beta.54.tgz#c01aa63b57c9c8dce8744796c81d9df121f20db4"

"@babel/plugin-proposal-class-properties@^7.0.0-beta.54":
  version "7.0.0-beta.54"
  resolved "https://registry.yarnpkg.com/@babel/plugin-proposal-class-properties/-/plugin-proposal-class-properties-7.0.0-beta.54.tgz#5953f0499c1e69e732d33a550bce8799aa6b76f3"
  dependencies:
    "@babel/helper-function-name" "7.0.0-beta.54"
    "@babel/helper-member-expression-to-functions" "7.0.0-beta.54"
    "@babel/helper-optimise-call-expression" "7.0.0-beta.54"
    "@babel/helper-plugin-utils" "7.0.0-beta.54"
    "@babel/helper-replace-supers" "7.0.0-beta.54"
    "@babel/plugin-syntax-class-properties" "7.0.0-beta.54"

"@babel/plugin-syntax-class-properties@7.0.0-beta.54":
  version "7.0.0-beta.54"
  resolved "https://registry.yarnpkg.com/@babel/plugin-syntax-class-properties/-/plugin-syntax-class-properties-7.0.0-beta.54.tgz#5e70f22dc3628c1d35402b63ff1a8f8e005bd871"
  dependencies:
    "@babel/helper-plugin-utils" "7.0.0-beta.54"

"@babel/template@7.0.0-beta.54":
  version "7.0.0-beta.54"
  resolved "https://registry.yarnpkg.com/@babel/template/-/template-7.0.0-beta.54.tgz#d5b0d2d2d55c0e78b048c61a058f36cfd7d91af3"
  dependencies:
    "@babel/code-frame" "7.0.0-beta.54"
    "@babel/parser" "7.0.0-beta.54"
    "@babel/types" "7.0.0-beta.54"
    lodash "^4.17.5"

"@babel/traverse@7.0.0-beta.54":
  version "7.0.0-beta.54"
  resolved "https://registry.yarnpkg.com/@babel/traverse/-/traverse-7.0.0-beta.54.tgz#2c17f98dcdbf19aa918fde128f0e1a0bc089e05a"
  dependencies:
    "@babel/code-frame" "7.0.0-beta.54"
    "@babel/generator" "7.0.0-beta.54"
    "@babel/helper-function-name" "7.0.0-beta.54"
    "@babel/helper-split-export-declaration" "7.0.0-beta.54"
    "@babel/parser" "7.0.0-beta.54"
    "@babel/types" "7.0.0-beta.54"
    debug "^3.1.0"
    globals "^11.1.0"
    lodash "^4.17.5"

"@babel/types@7.0.0-beta.54":
  version "7.0.0-beta.54"
  resolved "https://registry.yarnpkg.com/@babel/types/-/types-7.0.0-beta.54.tgz#025ad68492fed542c13f14c579a44c848e531063"
  dependencies:
    esutils "^2.0.2"
    lodash "^4.17.5"
    to-fast-properties "^2.0.0"

"@types/estree@0.0.38":
  version "0.0.38"
  resolved "https://registry.yarnpkg.com/@types/estree/-/estree-0.0.38.tgz#c1be40aa933723c608820a99a373a16d215a1ca2"

"@types/node@*":
  version "10.0.3"
  resolved "https://registry.yarnpkg.com/@types/node/-/node-10.0.3.tgz#1f89840c7aac2406cc43a2ecad98fc02a8e130e4"

acorn-class-fields@^0.1.2:
  version "0.1.2"
  resolved "https://registry.yarnpkg.com/acorn-class-fields/-/acorn-class-fields-0.1.2.tgz#20782f304af42257feff5bd4a5c335291473bf58"
  dependencies:
    acorn "^5.3.0"

acorn@^5.3.0:
  version "5.7.1"
  resolved "https://registry.yarnpkg.com/acorn/-/acorn-5.7.1.tgz#f095829297706a7c9776958c0afc8930a9b9d9d8"

ansi-styles@^3.2.1:
  version "3.2.1"
  resolved "https://registry.yarnpkg.com/ansi-styles/-/ansi-styles-3.2.1.tgz#41fbb20243e50b12be0f04b8dedbf07520ce841d"
  dependencies:
    color-convert "^1.9.0"

arr-diff@^2.0.0:
  version "2.0.0"
  resolved "https://registry.yarnpkg.com/arr-diff/-/arr-diff-2.0.0.tgz#8f3b827f955a8bd669697e4a4256ac3ceae356cf"
  dependencies:
    arr-flatten "^1.0.1"

arr-flatten@^1.0.1:
  version "1.1.0"
  resolved "https://registry.yarnpkg.com/arr-flatten/-/arr-flatten-1.1.0.tgz#36048bbff4e7b47e136644316c99669ea5ae91f1"

array-unique@^0.2.1:
  version "0.2.1"
  resolved "https://registry.yarnpkg.com/array-unique/-/array-unique-0.2.1.tgz#a1d97ccafcbc2625cc70fadceb36a50c58b01a53"

babel-helper-evaluate-path@^0.4.3:
  version "0.4.3"
  resolved "https://registry.yarnpkg.com/babel-helper-evaluate-path/-/babel-helper-evaluate-path-0.4.3.tgz#0a89af702c06b217027fa371908dd4989d3e633f"

babel-helper-flip-expressions@^0.4.3:
  version "0.4.3"
  resolved "https://registry.yarnpkg.com/babel-helper-flip-expressions/-/babel-helper-flip-expressions-0.4.3.tgz#3696736a128ac18bc25254b5f40a22ceb3c1d3fd"

babel-helper-is-nodes-equiv@^0.0.1:
  version "0.0.1"
  resolved "https://registry.yarnpkg.com/babel-helper-is-nodes-equiv/-/babel-helper-is-nodes-equiv-0.0.1.tgz#34e9b300b1479ddd98ec77ea0bbe9342dfe39684"

babel-helper-is-void-0@^0.4.3:
  version "0.4.3"
  resolved "https://registry.yarnpkg.com/babel-helper-is-void-0/-/babel-helper-is-void-0-0.4.3.tgz#7d9c01b4561e7b95dbda0f6eee48f5b60e67313e"

babel-helper-mark-eval-scopes@^0.4.3:
  version "0.4.3"
  resolved "https://registry.yarnpkg.com/babel-helper-mark-eval-scopes/-/babel-helper-mark-eval-scopes-0.4.3.tgz#d244a3bef9844872603ffb46e22ce8acdf551562"

babel-helper-remove-or-void@^0.4.3:
  version "0.4.3"
  resolved "https://registry.yarnpkg.com/babel-helper-remove-or-void/-/babel-helper-remove-or-void-0.4.3.tgz#a4f03b40077a0ffe88e45d07010dee241ff5ae60"

babel-helper-to-multiple-sequence-expressions@^0.4.3:
  version "0.4.3"
  resolved "https://registry.yarnpkg.com/babel-helper-to-multiple-sequence-expressions/-/babel-helper-to-multiple-sequence-expressions-0.4.3.tgz#5b518b1127f47b3038773386a1561a2b48e632b6"

babel-plugin-minify-builtins@^0.4.3:
  version "0.4.3"
  resolved "https://registry.yarnpkg.com/babel-plugin-minify-builtins/-/babel-plugin-minify-builtins-0.4.3.tgz#9ea3d59f4ac4a7bb958d712d29556a1f86f7f81e"
  dependencies:
    babel-helper-evaluate-path "^0.4.3"

babel-plugin-minify-constant-folding@^0.4.3:
  version "0.4.3"
  resolved "https://registry.yarnpkg.com/babel-plugin-minify-constant-folding/-/babel-plugin-minify-constant-folding-0.4.3.tgz#300f9de8dda0844a176b193653960e24ad33e191"
  dependencies:
    babel-helper-evaluate-path "^0.4.3"

babel-plugin-minify-dead-code-elimination@^0.4.3:
  version "0.4.3"
  resolved "https://registry.yarnpkg.com/babel-plugin-minify-dead-code-elimination/-/babel-plugin-minify-dead-code-elimination-0.4.3.tgz#73628265864f9008d0027506f58abeb3c1d02d98"
  dependencies:
    babel-helper-evaluate-path "^0.4.3"
    babel-helper-mark-eval-scopes "^0.4.3"
    babel-helper-remove-or-void "^0.4.3"
    lodash.some "^4.6.0"

babel-plugin-minify-flip-comparisons@^0.4.3:
  version "0.4.3"
  resolved "https://registry.yarnpkg.com/babel-plugin-minify-flip-comparisons/-/babel-plugin-minify-flip-comparisons-0.4.3.tgz#00ca870cb8f13b45c038b3c1ebc0f227293c965a"
  dependencies:
    babel-helper-is-void-0 "^0.4.3"

babel-plugin-minify-guarded-expressions@^0.4.3:
  version "0.4.3"
  resolved "https://registry.yarnpkg.com/babel-plugin-minify-guarded-expressions/-/babel-plugin-minify-guarded-expressions-0.4.3.tgz#cc709b4453fd21b1f302877444c89f88427ce397"
  dependencies:
    babel-helper-flip-expressions "^0.4.3"

babel-plugin-minify-infinity@^0.4.3:
  version "0.4.3"
  resolved "https://registry.yarnpkg.com/babel-plugin-minify-infinity/-/babel-plugin-minify-infinity-0.4.3.tgz#dfb876a1b08a06576384ef3f92e653ba607b39ca"

babel-plugin-minify-mangle-names@^0.4.3:
  version "0.4.3"
  resolved "https://registry.yarnpkg.com/babel-plugin-minify-mangle-names/-/babel-plugin-minify-mangle-names-0.4.3.tgz#16f1bff74b7a7c93dfc241e7831dd5fb4b023ef7"
  dependencies:
    babel-helper-mark-eval-scopes "^0.4.3"

babel-plugin-minify-numeric-literals@^0.4.3:
  version "0.4.3"
  resolved "https://registry.yarnpkg.com/babel-plugin-minify-numeric-literals/-/babel-plugin-minify-numeric-literals-0.4.3.tgz#8e4fd561c79f7801286ff60e8c5fd9deee93c0bc"

babel-plugin-minify-replace@^0.4.3:
  version "0.4.3"
  resolved "https://registry.yarnpkg.com/babel-plugin-minify-replace/-/babel-plugin-minify-replace-0.4.3.tgz#9d289f4ba15d4e6011e8799fa5f1ba77ec81219d"

babel-plugin-minify-simplify@^0.4.3:
  version "0.4.3"
  resolved "https://registry.yarnpkg.com/babel-plugin-minify-simplify/-/babel-plugin-minify-simplify-0.4.3.tgz#37756d85c614464b4b0927f2b4e417191d55738a"
  dependencies:
    babel-helper-flip-expressions "^0.4.3"
    babel-helper-is-nodes-equiv "^0.0.1"
    babel-helper-to-multiple-sequence-expressions "^0.4.3"

babel-plugin-minify-type-constructors@^0.4.3:
  version "0.4.3"
  resolved "https://registry.yarnpkg.com/babel-plugin-minify-type-constructors/-/babel-plugin-minify-type-constructors-0.4.3.tgz#1bc6f15b87f7ab1085d42b330b717657a2156500"
  dependencies:
    babel-helper-is-void-0 "^0.4.3"

babel-plugin-transform-inline-consecutive-adds@^0.4.3:
  version "0.4.3"
  resolved "https://registry.yarnpkg.com/babel-plugin-transform-inline-consecutive-adds/-/babel-plugin-transform-inline-consecutive-adds-0.4.3.tgz#323d47a3ea63a83a7ac3c811ae8e6941faf2b0d1"

babel-plugin-transform-member-expression-literals@^6.9.4:
  version "6.9.4"
  resolved "https://registry.yarnpkg.com/babel-plugin-transform-member-expression-literals/-/babel-plugin-transform-member-expression-literals-6.9.4.tgz#37039c9a0c3313a39495faac2ff3a6b5b9d038bf"

babel-plugin-transform-merge-sibling-variables@^6.9.4:
  version "6.9.4"
  resolved "https://registry.yarnpkg.com/babel-plugin-transform-merge-sibling-variables/-/babel-plugin-transform-merge-sibling-variables-6.9.4.tgz#85b422fc3377b449c9d1cde44087203532401dae"

babel-plugin-transform-minify-booleans@^6.9.4:
  version "6.9.4"
  resolved "https://registry.yarnpkg.com/babel-plugin-transform-minify-booleans/-/babel-plugin-transform-minify-booleans-6.9.4.tgz#acbb3e56a3555dd23928e4b582d285162dd2b198"

babel-plugin-transform-property-literals@^6.9.4:
  version "6.9.4"
  resolved "https://registry.yarnpkg.com/babel-plugin-transform-property-literals/-/babel-plugin-transform-property-literals-6.9.4.tgz#98c1d21e255736573f93ece54459f6ce24985d39"
  dependencies:
    esutils "^2.0.2"

babel-plugin-transform-regexp-constructors@^0.4.3:
  version "0.4.3"
  resolved "https://registry.yarnpkg.com/babel-plugin-transform-regexp-constructors/-/babel-plugin-transform-regexp-constructors-0.4.3.tgz#58b7775b63afcf33328fae9a5f88fbd4fb0b4965"

babel-plugin-transform-remove-console@^6.9.4:
  version "6.9.4"
  resolved "https://registry.yarnpkg.com/babel-plugin-transform-remove-console/-/babel-plugin-transform-remove-console-6.9.4.tgz#b980360c067384e24b357a588d807d3c83527780"

babel-plugin-transform-remove-debugger@^6.9.4:
  version "6.9.4"
  resolved "https://registry.yarnpkg.com/babel-plugin-transform-remove-debugger/-/babel-plugin-transform-remove-debugger-6.9.4.tgz#42b727631c97978e1eb2d199a7aec84a18339ef2"

babel-plugin-transform-remove-undefined@^0.4.3:
  version "0.4.3"
  resolved "https://registry.yarnpkg.com/babel-plugin-transform-remove-undefined/-/babel-plugin-transform-remove-undefined-0.4.3.tgz#d40b0da7f91c08c06cc72b767474c01c4894de02"
  dependencies:
    babel-helper-evaluate-path "^0.4.3"

babel-plugin-transform-simplify-comparison-operators@^6.9.4:
  version "6.9.4"
  resolved "https://registry.yarnpkg.com/babel-plugin-transform-simplify-comparison-operators/-/babel-plugin-transform-simplify-comparison-operators-6.9.4.tgz#f62afe096cab0e1f68a2d753fdf283888471ceb9"

babel-plugin-transform-undefined-to-void@^6.9.4:
  version "6.9.4"
  resolved "https://registry.yarnpkg.com/babel-plugin-transform-undefined-to-void/-/babel-plugin-transform-undefined-to-void-6.9.4.tgz#be241ca81404030678b748717322b89d0c8fe280"

babel-preset-minify@^0.4.3:
  version "0.4.3"
  resolved "https://registry.yarnpkg.com/babel-preset-minify/-/babel-preset-minify-0.4.3.tgz#b29c3dd6918905384598f092b955152e26a1fe0f"
  dependencies:
    babel-plugin-minify-builtins "^0.4.3"
    babel-plugin-minify-constant-folding "^0.4.3"
    babel-plugin-minify-dead-code-elimination "^0.4.3"
    babel-plugin-minify-flip-comparisons "^0.4.3"
    babel-plugin-minify-guarded-expressions "^0.4.3"
    babel-plugin-minify-infinity "^0.4.3"
    babel-plugin-minify-mangle-names "^0.4.3"
    babel-plugin-minify-numeric-literals "^0.4.3"
    babel-plugin-minify-replace "^0.4.3"
    babel-plugin-minify-simplify "^0.4.3"
    babel-plugin-minify-type-constructors "^0.4.3"
    babel-plugin-transform-inline-consecutive-adds "^0.4.3"
    babel-plugin-transform-member-expression-literals "^6.9.4"
    babel-plugin-transform-merge-sibling-variables "^6.9.4"
    babel-plugin-transform-minify-booleans "^6.9.4"
    babel-plugin-transform-property-literals "^6.9.4"
    babel-plugin-transform-regexp-constructors "^0.4.3"
    babel-plugin-transform-remove-console "^6.9.4"
    babel-plugin-transform-remove-debugger "^6.9.4"
    babel-plugin-transform-remove-undefined "^0.4.3"
    babel-plugin-transform-simplify-comparison-operators "^6.9.4"
    babel-plugin-transform-undefined-to-void "^6.9.4"
    lodash.isplainobject "^4.0.6"

braces@^1.8.2:
  version "1.8.5"
  resolved "https://registry.yarnpkg.com/braces/-/braces-1.8.5.tgz#ba77962e12dff969d6b76711e914b737857bf6a7"
  dependencies:
    expand-range "^1.8.1"
    preserve "^0.2.0"
    repeat-element "^1.1.2"

builtin-modules@^2.0.0:
  version "2.0.0"
  resolved "https://registry.yarnpkg.com/builtin-modules/-/builtin-modules-2.0.0.tgz#60b7ef5ae6546bd7deefa74b08b62a43a232648e"

chalk@^2.0.0:
  version "2.4.1"
  resolved "https://registry.yarnpkg.com/chalk/-/chalk-2.4.1.tgz#18c49ab16a037b6eb0152cc83e3471338215b66e"
  dependencies:
    ansi-styles "^3.2.1"
    escape-string-regexp "^1.0.5"
    supports-color "^5.3.0"

color-convert@^1.9.0:
  version "1.9.2"
  resolved "https://registry.yarnpkg.com/color-convert/-/color-convert-1.9.2.tgz#49881b8fba67df12a96bdf3f56c0aab9e7913147"
  dependencies:
    color-name "1.1.1"

color-name@1.1.1:
  version "1.1.1"
  resolved "https://registry.yarnpkg.com/color-name/-/color-name-1.1.1.tgz#4b1415304cf50028ea81643643bd82ea05803689"

convert-source-map@^1.1.0:
  version "1.5.1"
  resolved "https://registry.yarnpkg.com/convert-source-map/-/convert-source-map-1.5.1.tgz#b8278097b9bc229365de5c62cf5fcaed8b5599e5"

debug@^3.1.0:
  version "3.1.0"
  resolved "https://registry.yarnpkg.com/debug/-/debug-3.1.0.tgz#5bb5a0672628b64149566ba16819e61518c67261"
  dependencies:
    ms "2.0.0"

escape-string-regexp@^1.0.5:
  version "1.0.5"
  resolved "https://registry.yarnpkg.com/escape-string-regexp/-/escape-string-regexp-1.0.5.tgz#1b61c0562190a8dff6ae3bb2cf0200ca130b86d4"

estree-walker@^0.5.1, estree-walker@^0.5.2:
  version "0.5.2"
  resolved "https://registry.yarnpkg.com/estree-walker/-/estree-walker-0.5.2.tgz#d3850be7529c9580d815600b53126515e146dd39"

esutils@^2.0.2:
  version "2.0.2"
  resolved "https://registry.yarnpkg.com/esutils/-/esutils-2.0.2.tgz#0abf4f1caa5bcb1f7a9d8acc6dea4faaa04bac9b"

expand-brackets@^0.1.4:
  version "0.1.5"
  resolved "https://registry.yarnpkg.com/expand-brackets/-/expand-brackets-0.1.5.tgz#df07284e342a807cd733ac5af72411e581d1177b"
  dependencies:
    is-posix-bracket "^0.1.0"

expand-range@^1.8.1:
  version "1.8.2"
  resolved "https://registry.yarnpkg.com/expand-range/-/expand-range-1.8.2.tgz#a299effd335fe2721ebae8e257ec79644fc85337"
  dependencies:
    fill-range "^2.1.0"

extglob@^0.3.1:
  version "0.3.2"
  resolved "https://registry.yarnpkg.com/extglob/-/extglob-0.3.2.tgz#2e18ff3d2f49ab2765cec9023f011daa8d8349a1"
  dependencies:
    is-extglob "^1.0.0"

filename-regex@^2.0.0:
  version "2.0.1"
  resolved "https://registry.yarnpkg.com/filename-regex/-/filename-regex-2.0.1.tgz#c1c4b9bee3e09725ddb106b75c1e301fe2f18b26"

fill-range@^2.1.0:
  version "2.2.4"
  resolved "https://registry.yarnpkg.com/fill-range/-/fill-range-2.2.4.tgz#eb1e773abb056dcd8df2bfdf6af59b8b3a936565"
  dependencies:
    is-number "^2.1.0"
    isobject "^2.0.0"
    randomatic "^3.0.0"
    repeat-element "^1.1.2"
    repeat-string "^1.5.2"

for-in@^1.0.1:
  version "1.0.2"
  resolved "https://registry.yarnpkg.com/for-in/-/for-in-1.0.2.tgz#81068d295a8142ec0ac726c6e2200c30fb6d5e80"

for-own@^0.1.4:
  version "0.1.5"
  resolved "https://registry.yarnpkg.com/for-own/-/for-own-0.1.5.tgz#5265c681a4f294dabbf17c9509b6763aa84510ce"
  dependencies:
    for-in "^1.0.1"

glob-base@^0.3.0:
  version "0.3.0"
  resolved "https://registry.yarnpkg.com/glob-base/-/glob-base-0.3.0.tgz#dbb164f6221b1c0b1ccf82aea328b497df0ea3c4"
  dependencies:
    glob-parent "^2.0.0"
    is-glob "^2.0.0"

glob-parent@^2.0.0:
  version "2.0.0"
  resolved "https://registry.yarnpkg.com/glob-parent/-/glob-parent-2.0.0.tgz#81383d72db054fcccf5336daa902f182f6edbb28"
  dependencies:
    is-glob "^2.0.0"

globals@^11.1.0:
  version "11.7.0"
  resolved "https://registry.yarnpkg.com/globals/-/globals-11.7.0.tgz#a583faa43055b1aca771914bf68258e2fc125673"

has-flag@^3.0.0:
  version "3.0.0"
  resolved "https://registry.yarnpkg.com/has-flag/-/has-flag-3.0.0.tgz#b5d454dc2199ae225699f3467e5a07f3b955bafd"

is-buffer@^1.1.5:
  version "1.1.6"
  resolved "https://registry.yarnpkg.com/is-buffer/-/is-buffer-1.1.6.tgz#efaa2ea9daa0d7ab2ea13a97b2b8ad51fefbe8be"

is-dotfile@^1.0.0:
  version "1.0.3"
  resolved "https://registry.yarnpkg.com/is-dotfile/-/is-dotfile-1.0.3.tgz#a6a2f32ffd2dfb04f5ca25ecd0f6b83cf798a1e1"

is-equal-shallow@^0.1.3:
  version "0.1.3"
  resolved "https://registry.yarnpkg.com/is-equal-shallow/-/is-equal-shallow-0.1.3.tgz#2238098fc221de0bcfa5d9eac4c45d638aa1c534"
  dependencies:
    is-primitive "^2.0.0"

is-extendable@^0.1.1:
  version "0.1.1"
  resolved "https://registry.yarnpkg.com/is-extendable/-/is-extendable-0.1.1.tgz#62b110e289a471418e3ec36a617d472e301dfc89"

is-extglob@^1.0.0:
  version "1.0.0"
  resolved "https://registry.yarnpkg.com/is-extglob/-/is-extglob-1.0.0.tgz#ac468177c4943405a092fc8f29760c6ffc6206c0"

is-glob@^2.0.0, is-glob@^2.0.1:
  version "2.0.1"
  resolved "https://registry.yarnpkg.com/is-glob/-/is-glob-2.0.1.tgz#d096f926a3ded5600f3fdfd91198cb0888c2d863"
  dependencies:
    is-extglob "^1.0.0"

is-module@^1.0.0:
  version "1.0.0"
  resolved "https://registry.yarnpkg.com/is-module/-/is-module-1.0.0.tgz#3258fb69f78c14d5b815d664336b4cffb6441591"

is-number@^2.1.0:
  version "2.1.0"
  resolved "https://registry.yarnpkg.com/is-number/-/is-number-2.1.0.tgz#01fcbbb393463a548f2f466cce16dece49db908f"
  dependencies:
    kind-of "^3.0.2"

is-number@^4.0.0:
  version "4.0.0"
  resolved "https://registry.yarnpkg.com/is-number/-/is-number-4.0.0.tgz#0026e37f5454d73e356dfe6564699867c6a7f0ff"

is-posix-bracket@^0.1.0:
  version "0.1.1"
  resolved "https://registry.yarnpkg.com/is-posix-bracket/-/is-posix-bracket-0.1.1.tgz#3334dc79774368e92f016e6fbc0a88f5cd6e6bc4"

is-primitive@^2.0.0:
  version "2.0.0"
  resolved "https://registry.yarnpkg.com/is-primitive/-/is-primitive-2.0.0.tgz#207bab91638499c07b2adf240a41a87210034575"

isarray@1.0.0:
  version "1.0.0"
  resolved "https://registry.yarnpkg.com/isarray/-/isarray-1.0.0.tgz#bb935d48582cba168c06834957a54a3e07124f11"

isobject@^2.0.0:
  version "2.1.0"
  resolved "https://registry.yarnpkg.com/isobject/-/isobject-2.1.0.tgz#f065561096a3f1da2ef46272f815c840d87e0c89"
  dependencies:
    isarray "1.0.0"

js-tokens@^3.0.0:
  version "3.0.2"
  resolved "https://registry.yarnpkg.com/js-tokens/-/js-tokens-3.0.2.tgz#9866df395102130e38f7f996bceb65443209c25b"

jsesc@^2.5.1:
  version "2.5.1"
  resolved "https://registry.yarnpkg.com/jsesc/-/jsesc-2.5.1.tgz#e421a2a8e20d6b0819df28908f782526b96dd1fe"

json5@^0.5.0:
  version "0.5.1"
  resolved "https://registry.yarnpkg.com/json5/-/json5-0.5.1.tgz#1eade7acc012034ad84e2396767ead9fa5495821"

kind-of@^3.0.2:
  version "3.2.2"
  resolved "https://registry.yarnpkg.com/kind-of/-/kind-of-3.2.2.tgz#31ea21a734bab9bbb0f32466d893aea51e4a3c64"
  dependencies:
    is-buffer "^1.1.5"

kind-of@^6.0.0:
  version "6.0.2"
  resolved "https://registry.yarnpkg.com/kind-of/-/kind-of-6.0.2.tgz#01146b36a6218e64e58f3a8d66de5d7fc6f6d051"

lodash.isplainobject@^4.0.6:
  version "4.0.6"
  resolved "https://registry.yarnpkg.com/lodash.isplainobject/-/lodash.isplainobject-4.0.6.tgz#7c526a52d89b45c45cc690b88163be0497f550cb"

lodash.some@^4.6.0:
  version "4.6.0"
  resolved "https://registry.yarnpkg.com/lodash.some/-/lodash.some-4.6.0.tgz#1bb9f314ef6b8baded13b549169b2a945eb68e4d"

lodash@^4.17.5:
  version "4.17.10"
  resolved "https://registry.yarnpkg.com/lodash/-/lodash-4.17.10.tgz#1b7793cf7259ea38fb3661d4d38b3260af8ae4e7"

magic-string@^0.22.4:
  version "0.22.5"
  resolved "https://registry.yarnpkg.com/magic-string/-/magic-string-0.22.5.tgz#8e9cf5afddf44385c1da5bc2a6a0dbd10b03657e"
  dependencies:
    vlq "^0.2.2"

math-random@^1.0.1:
  version "1.0.1"
  resolved "https://registry.yarnpkg.com/math-random/-/math-random-1.0.1.tgz#8b3aac588b8a66e4975e3cdea67f7bb329601fac"

micromatch@^2.3.11:
  version "2.3.11"
  resolved "https://registry.yarnpkg.com/micromatch/-/micromatch-2.3.11.tgz#86677c97d1720b363431d04d0d15293bd38c1565"
  dependencies:
    arr-diff "^2.0.0"
    array-unique "^0.2.1"
    braces "^1.8.2"
    expand-brackets "^0.1.4"
    extglob "^0.3.1"
    filename-regex "^2.0.0"
    is-extglob "^1.0.0"
    is-glob "^2.0.1"
    kind-of "^3.0.2"
    normalize-path "^2.0.1"
    object.omit "^2.0.0"
    parse-glob "^3.0.4"
    regex-cache "^0.4.2"

ms@2.0.0:
  version "2.0.0"
  resolved "https://registry.yarnpkg.com/ms/-/ms-2.0.0.tgz#5608aeadfc00be6c2901df5f9861788de0d597c8"

next-tick@LosMaquios/next-tick:
  version "0.2.0"
  resolved "https://codeload.github.com/LosMaquios/next-tick/tar.gz/5e003bd093780cbeb0430ce4c32ac52b4e1a1a21"

normalize-path@^2.0.1:
  version "2.1.1"
  resolved "https://registry.yarnpkg.com/normalize-path/-/normalize-path-2.1.1.tgz#1ab28b556e198363a8c1a6f7e6fa20137fe6aed9"
  dependencies:
    remove-trailing-separator "^1.0.1"

object.omit@^2.0.0:
  version "2.0.1"
  resolved "https://registry.yarnpkg.com/object.omit/-/object.omit-2.0.1.tgz#1a9c744829f39dbb858c76ca3579ae2a54ebd1fa"
  dependencies:
    for-own "^0.1.4"
    is-extendable "^0.1.1"

parse-glob@^3.0.4:
  version "3.0.4"
  resolved "https://registry.yarnpkg.com/parse-glob/-/parse-glob-3.0.4.tgz#b2c376cfb11f35513badd173ef0bb6e3a388391c"
  dependencies:
    glob-base "^0.3.0"
    is-dotfile "^1.0.0"
    is-extglob "^1.0.0"
    is-glob "^2.0.0"

path-parse@^1.0.5:
  version "1.0.5"
  resolved "https://registry.yarnpkg.com/path-parse/-/path-parse-1.0.5.tgz#3c1adf871ea9cd6c9431b6ea2bd74a0ff055c4c1"

preserve@^0.2.0:
  version "0.2.0"
  resolved "https://registry.yarnpkg.com/preserve/-/preserve-0.2.0.tgz#815ed1f6ebc65926f865b310c0713bcb3315ce4b"

proxy-observer@LosMaquios/ProxyObserver:
  version "0.5.0"
  resolved "https://codeload.github.com/LosMaquios/ProxyObserver/tar.gz/2f0f11af5659f901206be06dfe5be66b46d29762"

randomatic@^3.0.0:
  version "3.0.0"
  resolved "https://registry.yarnpkg.com/randomatic/-/randomatic-3.0.0.tgz#d35490030eb4f7578de292ce6dfb04a91a128923"
  dependencies:
    is-number "^4.0.0"
    kind-of "^6.0.0"
    math-random "^1.0.1"

regex-cache@^0.4.2:
  version "0.4.4"
  resolved "https://registry.yarnpkg.com/regex-cache/-/regex-cache-0.4.4.tgz#75bdc58a2a1496cec48a12835bc54c8d562336dd"
  dependencies:
    is-equal-shallow "^0.1.3"

remove-trailing-separator@^1.0.1:
  version "1.1.0"
  resolved "https://registry.yarnpkg.com/remove-trailing-separator/-/remove-trailing-separator-1.1.0.tgz#c24bce2a283adad5bc3f58e0d48249b92379d8ef"

repeat-element@^1.1.2:
  version "1.1.2"
  resolved "https://registry.yarnpkg.com/repeat-element/-/repeat-element-1.1.2.tgz#ef089a178d1483baae4d93eb98b4f9e4e11d990a"

repeat-string@^1.5.2:
  version "1.6.1"
  resolved "https://registry.yarnpkg.com/repeat-string/-/repeat-string-1.6.1.tgz#8dcae470e1c88abc2d600fff4a776286da75e637"

resolve@^1.1.6, resolve@^1.3.2, resolve@^1.5.0:
  version "1.8.1"
  resolved "https://registry.yarnpkg.com/resolve/-/resolve-1.8.1.tgz#82f1ec19a423ac1fbd080b0bab06ba36e84a7a26"
  dependencies:
    path-parse "^1.0.5"

rollup-plugin-commonjs@^9.1.3:
  version "9.1.3"
  resolved "https://registry.yarnpkg.com/rollup-plugin-commonjs/-/rollup-plugin-commonjs-9.1.3.tgz#37bfbf341292ea14f512438a56df8f9ca3ba4d67"
  dependencies:
    estree-walker "^0.5.1"
    magic-string "^0.22.4"
    resolve "^1.5.0"
    rollup-pluginutils "^2.0.1"

rollup-plugin-node-resolve@^3.3.0:
  version "3.3.0"
  resolved "https://registry.yarnpkg.com/rollup-plugin-node-resolve/-/rollup-plugin-node-resolve-3.3.0.tgz#c26d110a36812cbefa7ce117cadcd3439aa1c713"
  dependencies:
    builtin-modules "^2.0.0"
    is-module "^1.0.0"
    resolve "^1.1.6"

rollup-pluginutils@^2.0.1:
  version "2.3.0"
  resolved "https://registry.yarnpkg.com/rollup-pluginutils/-/rollup-pluginutils-2.3.0.tgz#478ace04bd7f6da2e724356ca798214884738fc4"
  dependencies:
    estree-walker "^0.5.2"
    micromatch "^2.3.11"

rollup@^0.58.2:
  version "0.58.2"
  resolved "https://registry.yarnpkg.com/rollup/-/rollup-0.58.2.tgz#2feddea8c0c022f3e74b35c48e3c21b3433803ce"
  dependencies:
    "@types/estree" "0.0.38"
    "@types/node" "*"

semver@^5.4.1:
  version "5.5.0"
  resolved "https://registry.yarnpkg.com/semver/-/semver-5.5.0.tgz#dc4bbc7a6ca9d916dee5d43516f0092b58f7b8ab"

source-map@^0.5.0:
  version "0.5.7"
  resolved "https://registry.yarnpkg.com/source-map/-/source-map-0.5.7.tgz#8a039d2d1021d22d1ea14c80d8ea468ba2ef3fcc"

supports-color@^5.3.0:
  version "5.4.0"
  resolved "https://registry.yarnpkg.com/supports-color/-/supports-color-5.4.0.tgz#1c6b337402c2137605efe19f10fec390f6faab54"
  dependencies:
    has-flag "^3.0.0"

to-fast-properties@^2.0.0:
  version "2.0.0"
  resolved "https://registry.yarnpkg.com/to-fast-properties/-/to-fast-properties-2.0.0.tgz#dc5e698cbd079265bc73e0377681a4e4e83f616e"

trim-right@^1.0.1:
  version "1.0.1"
  resolved "https://registry.yarnpkg.com/trim-right/-/trim-right-1.0.1.tgz#cb2e1203067e0c8de1f614094b9fe45704ea6003"

vlq@^0.2.2:
  version "0.2.3"
  resolved "https://registry.yarnpkg.com/vlq/-/vlq-0.2.3.tgz#8f3e4328cf63b1540c0d67e1b2778386f8975b26"
